// !$*UTF8*$!
{
	archiveVersion = 1;
	classes = {
	};
	objectVersion = 50;
	objects = {

/* Begin PBXBuildFile section */
		021F2F0223CCF40300C35A06 /* Extension+Date.swift in Sources */ = {isa = PBXBuildFile; fileRef = 021F2F0123CCF40300C35A06 /* Extension+Date.swift */; };
		0241DF0923CB9859004656E1 /* UserInfo.swift in Sources */ = {isa = PBXBuildFile; fileRef = 0241DF0823CB9859004656E1 /* UserInfo.swift */; };
		02BD887523C92E5200A2CF6F /* AppDelegate.swift in Sources */ = {isa = PBXBuildFile; fileRef = 02BD887423C92E5200A2CF6F /* AppDelegate.swift */; };
		02BD887723C92E5200A2CF6F /* SceneDelegate.swift in Sources */ = {isa = PBXBuildFile; fileRef = 02BD887623C92E5200A2CF6F /* SceneDelegate.swift */; };
		02BD887923C92E5200A2CF6F /* ViewController.swift in Sources */ = {isa = PBXBuildFile; fileRef = 02BD887823C92E5200A2CF6F /* ViewController.swift */; };
		02BD887C23C92E5200A2CF6F /* Main.storyboard in Resources */ = {isa = PBXBuildFile; fileRef = 02BD887A23C92E5200A2CF6F /* Main.storyboard */; };
		02BD887F23C92E5200A2CF6F /* GitHubApplication.xcdatamodeld in Sources */ = {isa = PBXBuildFile; fileRef = 02BD887D23C92E5200A2CF6F /* GitHubApplication.xcdatamodeld */; };
		02BD888123C92E5500A2CF6F /* Assets.xcassets in Resources */ = {isa = PBXBuildFile; fileRef = 02BD888023C92E5500A2CF6F /* Assets.xcassets */; };
		02BD888423C92E5500A2CF6F /* LaunchScreen.storyboard in Resources */ = {isa = PBXBuildFile; fileRef = 02BD888223C92E5500A2CF6F /* LaunchScreen.storyboard */; };
		02BD888F23C92E5500A2CF6F /* GitHubApplicationTests.swift in Sources */ = {isa = PBXBuildFile; fileRef = 02BD888E23C92E5500A2CF6F /* GitHubApplicationTests.swift */; };
		02BD889A23C92E5500A2CF6F /* GitHubApplicationUITests.swift in Sources */ = {isa = PBXBuildFile; fileRef = 02BD889923C92E5500A2CF6F /* GitHubApplicationUITests.swift */; };
		02BD88A923C93A4D00A2CF6F /* GitHub.swift in Sources */ = {isa = PBXBuildFile; fileRef = 02BD88A823C93A4D00A2CF6F /* GitHub.swift */; };
		02BD88AC23C93BE200A2CF6F /* DecodableNetwork.swift in Sources */ = {isa = PBXBuildFile; fileRef = 02BD88AB23C93BE200A2CF6F /* DecodableNetwork.swift */; };
		02BD88AE23C93BFA00A2CF6F /* PictureService.swift in Sources */ = {isa = PBXBuildFile; fileRef = 02BD88AD23C93BFA00A2CF6F /* PictureService.swift */; };
		02BD88B023C9441B00A2CF6F /* UserDisplayCell.swift in Sources */ = {isa = PBXBuildFile; fileRef = 02BD88AF23C9441B00A2CF6F /* UserDisplayCell.swift */; };
		02BD88B223C950D400A2CF6F /* UserController.swift in Sources */ = {isa = PBXBuildFile; fileRef = 02BD88B123C950D400A2CF6F /* UserController.swift */; };
		02BD88B423C994D800A2CF6F /* ShowDetailsVC.swift in Sources */ = {isa = PBXBuildFile; fileRef = 02BD88B323C994D800A2CF6F /* ShowDetailsVC.swift */; };
		02BD88B623C995D000A2CF6F /* RepoDisplayCell.swift in Sources */ = {isa = PBXBuildFile; fileRef = 02BD88B523C995D000A2CF6F /* RepoDisplayCell.swift */; };
		02BD88B823C99C1A00A2CF6F /* Repository.swift in Sources */ = {isa = PBXBuildFile; fileRef = 02BD88B723C99C1A00A2CF6F /* Repository.swift */; };
/* End PBXBuildFile section */

/* Begin PBXContainerItemProxy section */
		02BD888B23C92E5500A2CF6F /* PBXContainerItemProxy */ = {
			isa = PBXContainerItemProxy;
			containerPortal = 02BD886923C92E5200A2CF6F /* Project object */;
			proxyType = 1;
			remoteGlobalIDString = 02BD887023C92E5200A2CF6F;
			remoteInfo = GitHubApplication;
		};
		02BD889623C92E5500A2CF6F /* PBXContainerItemProxy */ = {
			isa = PBXContainerItemProxy;
			containerPortal = 02BD886923C92E5200A2CF6F /* Project object */;
			proxyType = 1;
			remoteGlobalIDString = 02BD887023C92E5200A2CF6F;
			remoteInfo = GitHubApplication;
		};
/* End PBXContainerItemProxy section */

/* Begin PBXFileReference section */
		021F2F0023CCC5D300C35A06 /* README.md */ = {isa = PBXFileReference; lastKnownFileType = net.daringfireball.markdown; path = README.md; sourceTree = "<group>"; };
		021F2F0123CCF40300C35A06 /* Extension+Date.swift */ = {isa = PBXFileReference; lastKnownFileType = sourcecode.swift; path = "Extension+Date.swift"; sourceTree = "<group>"; };
		0241DF0823CB9859004656E1 /* UserInfo.swift */ = {isa = PBXFileReference; lastKnownFileType = sourcecode.swift; path = UserInfo.swift; sourceTree = "<group>"; };
		02BD887123C92E5200A2CF6F /* GitHubApplication.app */ = {isa = PBXFileReference; explicitFileType = wrapper.application; includeInIndex = 0; path = GitHubApplication.app; sourceTree = BUILT_PRODUCTS_DIR; };
		02BD887423C92E5200A2CF6F /* AppDelegate.swift */ = {isa = PBXFileReference; lastKnownFileType = sourcecode.swift; path = AppDelegate.swift; sourceTree = "<group>"; };
		02BD887623C92E5200A2CF6F /* SceneDelegate.swift */ = {isa = PBXFileReference; lastKnownFileType = sourcecode.swift; path = SceneDelegate.swift; sourceTree = "<group>"; };
		02BD887823C92E5200A2CF6F /* ViewController.swift */ = {isa = PBXFileReference; lastKnownFileType = sourcecode.swift; path = ViewController.swift; sourceTree = "<group>"; };
		02BD887B23C92E5200A2CF6F /* Base */ = {isa = PBXFileReference; lastKnownFileType = file.storyboard; name = Base; path = Base.lproj/Main.storyboard; sourceTree = "<group>"; };
		02BD887E23C92E5200A2CF6F /* GitHubApplication.xcdatamodel */ = {isa = PBXFileReference; lastKnownFileType = wrapper.xcdatamodel; path = GitHubApplication.xcdatamodel; sourceTree = "<group>"; };
		02BD888023C92E5500A2CF6F /* Assets.xcassets */ = {isa = PBXFileReference; lastKnownFileType = folder.assetcatalog; path = Assets.xcassets; sourceTree = "<group>"; };
		02BD888323C92E5500A2CF6F /* Base */ = {isa = PBXFileReference; lastKnownFileType = file.storyboard; name = Base; path = Base.lproj/LaunchScreen.storyboard; sourceTree = "<group>"; };
		02BD888523C92E5500A2CF6F /* Info.plist */ = {isa = PBXFileReference; lastKnownFileType = text.plist.xml; path = Info.plist; sourceTree = "<group>"; };
		02BD888A23C92E5500A2CF6F /* GitHubApplicationTests.xctest */ = {isa = PBXFileReference; explicitFileType = wrapper.cfbundle; includeInIndex = 0; path = GitHubApplicationTests.xctest; sourceTree = BUILT_PRODUCTS_DIR; };
		02BD888E23C92E5500A2CF6F /* GitHubApplicationTests.swift */ = {isa = PBXFileReference; lastKnownFileType = sourcecode.swift; path = GitHubApplicationTests.swift; sourceTree = "<group>"; };
		02BD889023C92E5500A2CF6F /* Info.plist */ = {isa = PBXFileReference; lastKnownFileType = text.plist.xml; path = Info.plist; sourceTree = "<group>"; };
		02BD889523C92E5500A2CF6F /* GitHubApplicationUITests.xctest */ = {isa = PBXFileReference; explicitFileType = wrapper.cfbundle; includeInIndex = 0; path = GitHubApplicationUITests.xctest; sourceTree = BUILT_PRODUCTS_DIR; };
		02BD889923C92E5500A2CF6F /* GitHubApplicationUITests.swift */ = {isa = PBXFileReference; lastKnownFileType = sourcecode.swift; path = GitHubApplicationUITests.swift; sourceTree = "<group>"; };
		02BD889B23C92E5500A2CF6F /* Info.plist */ = {isa = PBXFileReference; lastKnownFileType = text.plist.xml; path = Info.plist; sourceTree = "<group>"; };
		02BD88A823C93A4D00A2CF6F /* GitHub.swift */ = {isa = PBXFileReference; lastKnownFileType = sourcecode.swift; path = GitHub.swift; sourceTree = "<group>"; };
		02BD88AB23C93BE200A2CF6F /* DecodableNetwork.swift */ = {isa = PBXFileReference; lastKnownFileType = sourcecode.swift; path = DecodableNetwork.swift; sourceTree = "<group>"; };
		02BD88AD23C93BFA00A2CF6F /* PictureService.swift */ = {isa = PBXFileReference; lastKnownFileType = sourcecode.swift; path = PictureService.swift; sourceTree = "<group>"; };
		02BD88AF23C9441B00A2CF6F /* UserDisplayCell.swift */ = {isa = PBXFileReference; lastKnownFileType = sourcecode.swift; path = UserDisplayCell.swift; sourceTree = "<group>"; };
		02BD88B123C950D400A2CF6F /* UserController.swift */ = {isa = PBXFileReference; lastKnownFileType = sourcecode.swift; path = UserController.swift; sourceTree = "<group>"; };
		02BD88B323C994D800A2CF6F /* ShowDetailsVC.swift */ = {isa = PBXFileReference; lastKnownFileType = sourcecode.swift; path = ShowDetailsVC.swift; sourceTree = "<group>"; };
		02BD88B523C995D000A2CF6F /* RepoDisplayCell.swift */ = {isa = PBXFileReference; lastKnownFileType = sourcecode.swift; path = RepoDisplayCell.swift; sourceTree = "<group>"; };
		02BD88B723C99C1A00A2CF6F /* Repository.swift */ = {isa = PBXFileReference; lastKnownFileType = sourcecode.swift; path = Repository.swift; sourceTree = "<group>"; };
/* End PBXFileReference section */

/* Begin PBXFrameworksBuildPhase section */
		02BD886E23C92E5200A2CF6F /* Frameworks */ = {
			isa = PBXFrameworksBuildPhase;
			buildActionMask = 2147483647;
			files = (
			);
			runOnlyForDeploymentPostprocessing = 0;
		};
		02BD888723C92E5500A2CF6F /* Frameworks */ = {
			isa = PBXFrameworksBuildPhase;
			buildActionMask = 2147483647;
			files = (
			);
			runOnlyForDeploymentPostprocessing = 0;
		};
		02BD889223C92E5500A2CF6F /* Frameworks */ = {
			isa = PBXFrameworksBuildPhase;
			buildActionMask = 2147483647;
			files = (
			);
			runOnlyForDeploymentPostprocessing = 0;
		};
/* End PBXFrameworksBuildPhase section */

/* Begin PBXGroup section */
		021F2F0323CD11BD00C35A06 /* Views */ = {
			isa = PBXGroup;
			children = (
				02BD887823C92E5200A2CF6F /* ViewController.swift */,
				02BD88AF23C9441B00A2CF6F /* UserDisplayCell.swift */,
				02BD88B323C994D800A2CF6F /* ShowDetailsVC.swift */,
				02BD88B523C995D000A2CF6F /* RepoDisplayCell.swift */,
			);
			path = Views;
			sourceTree = "<group>";
		};
		021F2F0423CD11EB00C35A06 /* Controller */ = {
			isa = PBXGroup;
			children = (
				02BD88B123C950D400A2CF6F /* UserController.swift */,
			);
			path = Controller;
			sourceTree = "<group>";
		};
		021F2F0523CD11FE00C35A06 /* Utilities */ = {
			isa = PBXGroup;
			children = (
				021F2F0123CCF40300C35A06 /* Extension+Date.swift */,
				02BD888023C92E5500A2CF6F /* Assets.xcassets */,
			);
			path = Utilities;
			sourceTree = "<group>";
		};
		02BD886823C92E5200A2CF6F = {
			isa = PBXGroup;
			children = (
				021F2F0023CCC5D300C35A06 /* README.md */,
				02BD887323C92E5200A2CF6F /* GitHubApplication */,
				02BD888D23C92E5500A2CF6F /* GitHubApplicationTests */,
				02BD889823C92E5500A2CF6F /* GitHubApplicationUITests */,
				02BD887223C92E5200A2CF6F /* Products */,
			);
			sourceTree = "<group>";
		};
		02BD887223C92E5200A2CF6F /* Products */ = {
			isa = PBXGroup;
			children = (
				02BD887123C92E5200A2CF6F /* GitHubApplication.app */,
				02BD888A23C92E5500A2CF6F /* GitHubApplicationTests.xctest */,
				02BD889523C92E5500A2CF6F /* GitHubApplicationUITests.xctest */,
			);
			name = Products;
			sourceTree = "<group>";
		};
		02BD887323C92E5200A2CF6F /* GitHubApplication */ = {
			isa = PBXGroup;
			children = (
				021F2F0523CD11FE00C35A06 /* Utilities */,
				021F2F0423CD11EB00C35A06 /* Controller */,
				021F2F0323CD11BD00C35A06 /* Views */,
				02BD88AA23C93A8400A2CF6F /* Services */,
				02BD88A723C938AC00A2CF6F /* Model */,
				02BD887423C92E5200A2CF6F /* AppDelegate.swift */,
				02BD887623C92E5200A2CF6F /* SceneDelegate.swift */,
				02BD887A23C92E5200A2CF6F /* Main.storyboard */,
				02BD888223C92E5500A2CF6F /* LaunchScreen.storyboard */,
				02BD888523C92E5500A2CF6F /* Info.plist */,
				02BD887D23C92E5200A2CF6F /* GitHubApplication.xcdatamodeld */,
			);
			path = GitHubApplication;
			sourceTree = "<group>";
		};
		02BD888D23C92E5500A2CF6F /* GitHubApplicationTests */ = {
			isa = PBXGroup;
			children = (
				02BD888E23C92E5500A2CF6F /* GitHubApplicationTests.swift */,
				02BD889023C92E5500A2CF6F /* Info.plist */,
			);
			path = GitHubApplicationTests;
			sourceTree = "<group>";
		};
		02BD889823C92E5500A2CF6F /* GitHubApplicationUITests */ = {
			isa = PBXGroup;
			children = (
				02BD889923C92E5500A2CF6F /* GitHubApplicationUITests.swift */,
				02BD889B23C92E5500A2CF6F /* Info.plist */,
			);
			path = GitHubApplicationUITests;
			sourceTree = "<group>";
		};
		02BD88A723C938AC00A2CF6F /* Model */ = {
			isa = PBXGroup;
			children = (
				02BD88A823C93A4D00A2CF6F /* GitHub.swift */,
				02BD88B723C99C1A00A2CF6F /* Repository.swift */,
				0241DF0823CB9859004656E1 /* UserInfo.swift */,
			);
			path = Model;
			sourceTree = "<group>";
		};
		02BD88AA23C93A8400A2CF6F /* Services */ = {
			isa = PBXGroup;
			children = (
				02BD88AB23C93BE200A2CF6F /* DecodableNetwork.swift */,
				02BD88AD23C93BFA00A2CF6F /* PictureService.swift */,
			);
			path = Services;
			sourceTree = "<group>";
		};
/* End PBXGroup section */

/* Begin PBXNativeTarget section */
		02BD887023C92E5200A2CF6F /* GitHubApplication */ = {
			isa = PBXNativeTarget;
			buildConfigurationList = 02BD889E23C92E5500A2CF6F /* Build configuration list for PBXNativeTarget "GitHubApplication" */;
			buildPhases = (
				02BD886D23C92E5200A2CF6F /* Sources */,
				02BD886E23C92E5200A2CF6F /* Frameworks */,
				02BD886F23C92E5200A2CF6F /* Resources */,
			);
			buildRules = (
			);
			dependencies = (
			);
			name = GitHubApplication;
			productName = GitHubApplication;
			productReference = 02BD887123C92E5200A2CF6F /* GitHubApplication.app */;
			productType = "com.apple.product-type.application";
		};
		02BD888923C92E5500A2CF6F /* GitHubApplicationTests */ = {
			isa = PBXNativeTarget;
			buildConfigurationList = 02BD88A123C92E5500A2CF6F /* Build configuration list for PBXNativeTarget "GitHubApplicationTests" */;
			buildPhases = (
				02BD888623C92E5500A2CF6F /* Sources */,
				02BD888723C92E5500A2CF6F /* Frameworks */,
				02BD888823C92E5500A2CF6F /* Resources */,
			);
			buildRules = (
			);
			dependencies = (
				02BD888C23C92E5500A2CF6F /* PBXTargetDependency */,
			);
			name = GitHubApplicationTests;
			productName = GitHubApplicationTests;
			productReference = 02BD888A23C92E5500A2CF6F /* GitHubApplicationTests.xctest */;
			productType = "com.apple.product-type.bundle.unit-test";
		};
		02BD889423C92E5500A2CF6F /* GitHubApplicationUITests */ = {
			isa = PBXNativeTarget;
			buildConfigurationList = 02BD88A423C92E5500A2CF6F /* Build configuration list for PBXNativeTarget "GitHubApplicationUITests" */;
			buildPhases = (
				02BD889123C92E5500A2CF6F /* Sources */,
				02BD889223C92E5500A2CF6F /* Frameworks */,
				02BD889323C92E5500A2CF6F /* Resources */,
			);
			buildRules = (
			);
			dependencies = (
				02BD889723C92E5500A2CF6F /* PBXTargetDependency */,
			);
			name = GitHubApplicationUITests;
			productName = GitHubApplicationUITests;
			productReference = 02BD889523C92E5500A2CF6F /* GitHubApplicationUITests.xctest */;
			productType = "com.apple.product-type.bundle.ui-testing";
		};
/* End PBXNativeTarget section */

/* Begin PBXProject section */
		02BD886923C92E5200A2CF6F /* Project object */ = {
			isa = PBXProject;
			attributes = {
				LastSwiftUpdateCheck = 1110;
				LastUpgradeCheck = 1110;
				ORGANIZATIONNAME = Consultant;
				TargetAttributes = {
					02BD887023C92E5200A2CF6F = {
						CreatedOnToolsVersion = 11.1;
					};
					02BD888923C92E5500A2CF6F = {
						CreatedOnToolsVersion = 11.1;
						TestTargetID = 02BD887023C92E5200A2CF6F;
					};
					02BD889423C92E5500A2CF6F = {
						CreatedOnToolsVersion = 11.1;
						TestTargetID = 02BD887023C92E5200A2CF6F;
					};
				};
			};
			buildConfigurationList = 02BD886C23C92E5200A2CF6F /* Build configuration list for PBXProject "GitHubApplication" */;
			compatibilityVersion = "Xcode 9.3";
			developmentRegion = en;
			hasScannedForEncodings = 0;
			knownRegions = (
				en,
				Base,
			);
			mainGroup = 02BD886823C92E5200A2CF6F;
			productRefGroup = 02BD887223C92E5200A2CF6F /* Products */;
			projectDirPath = "";
			projectRoot = "";
			targets = (
				02BD887023C92E5200A2CF6F /* GitHubApplication */,
				02BD888923C92E5500A2CF6F /* GitHubApplicationTests */,
				02BD889423C92E5500A2CF6F /* GitHubApplicationUITests */,
			);
		};
/* End PBXProject section */

/* Begin PBXResourcesBuildPhase section */
		02BD886F23C92E5200A2CF6F /* Resources */ = {
			isa = PBXResourcesBuildPhase;
			buildActionMask = 2147483647;
			files = (
				02BD888423C92E5500A2CF6F /* LaunchScreen.storyboard in Resources */,
				02BD888123C92E5500A2CF6F /* Assets.xcassets in Resources */,
				02BD887C23C92E5200A2CF6F /* Main.storyboard in Resources */,
			);
			runOnlyForDeploymentPostprocessing = 0;
		};
		02BD888823C92E5500A2CF6F /* Resources */ = {
			isa = PBXResourcesBuildPhase;
			buildActionMask = 2147483647;
			files = (
			);
			runOnlyForDeploymentPostprocessing = 0;
		};
		02BD889323C92E5500A2CF6F /* Resources */ = {
			isa = PBXResourcesBuildPhase;
			buildActionMask = 2147483647;
			files = (
			);
			runOnlyForDeploymentPostprocessing = 0;
		};
/* End PBXResourcesBuildPhase section */

/* Begin PBXSourcesBuildPhase section */
		02BD886D23C92E5200A2CF6F /* Sources */ = {
			isa = PBXSourcesBuildPhase;
			buildActionMask = 2147483647;
			files = (
				02BD88B223C950D400A2CF6F /* UserController.swift in Sources */,
				02BD88A923C93A4D00A2CF6F /* GitHub.swift in Sources */,
				02BD887923C92E5200A2CF6F /* ViewController.swift in Sources */,
				02BD88AE23C93BFA00A2CF6F /* PictureService.swift in Sources */,
				02BD88AC23C93BE200A2CF6F /* DecodableNetwork.swift in Sources */,
				02BD887F23C92E5200A2CF6F /* GitHubApplication.xcdatamodeld in Sources */,
				02BD88B423C994D800A2CF6F /* ShowDetailsVC.swift in Sources */,
				02BD88B023C9441B00A2CF6F /* UserDisplayCell.swift in Sources */,
				0241DF0923CB9859004656E1 /* UserInfo.swift in Sources */,
				021F2F0223CCF40300C35A06 /* Extension+Date.swift in Sources */,
				02BD88B623C995D000A2CF6F /* RepoDisplayCell.swift in Sources */,
				02BD887523C92E5200A2CF6F /* AppDelegate.swift in Sources */,
				02BD887723C92E5200A2CF6F /* SceneDelegate.swift in Sources */,
				02BD88B823C99C1A00A2CF6F /* Repository.swift in Sources */,
			);
			runOnlyForDeploymentPostprocessing = 0;
		};
		02BD888623C92E5500A2CF6F /* Sources */ = {
			isa = PBXSourcesBuildPhase;
			buildActionMask = 2147483647;
			files = (
				02BD888F23C92E5500A2CF6F /* GitHubApplicationTests.swift in Sources */,
			);
			runOnlyForDeploymentPostprocessing = 0;
		};
		02BD889123C92E5500A2CF6F /* Sources */ = {
			isa = PBXSourcesBuildPhase;
			buildActionMask = 2147483647;
			files = (
				02BD889A23C92E5500A2CF6F /* GitHubApplicationUITests.swift in Sources */,
			);
			runOnlyForDeploymentPostprocessing = 0;
		};
/* End PBXSourcesBuildPhase section */

/* Begin PBXTargetDependency section */
		02BD888C23C92E5500A2CF6F /* PBXTargetDependency */ = {
			isa = PBXTargetDependency;
			target = 02BD887023C92E5200A2CF6F /* GitHubApplication */;
			targetProxy = 02BD888B23C92E5500A2CF6F /* PBXContainerItemProxy */;
		};
		02BD889723C92E5500A2CF6F /* PBXTargetDependency */ = {
			isa = PBXTargetDependency;
			target = 02BD887023C92E5200A2CF6F /* GitHubApplication */;
			targetProxy = 02BD889623C92E5500A2CF6F /* PBXContainerItemProxy */;
		};
/* End PBXTargetDependency section */

/* Begin PBXVariantGroup section */
		02BD887A23C92E5200A2CF6F /* Main.storyboard */ = {
			isa = PBXVariantGroup;
			children = (
				02BD887B23C92E5200A2CF6F /* Base */,
			);
			name = Main.storyboard;
			sourceTree = "<group>";
		};
		02BD888223C92E5500A2CF6F /* LaunchScreen.storyboard */ = {
			isa = PBXVariantGroup;
			children = (
				02BD888323C92E5500A2CF6F /* Base */,
			);
			name = LaunchScreen.storyboard;
			sourceTree = "<group>";
		};
/* End PBXVariantGroup section */

/* Begin XCBuildConfiguration section */
		02BD889C23C92E5500A2CF6F /* Debug */ = {
			isa = XCBuildConfiguration;
			buildSettings = {
				ALWAYS_SEARCH_USER_PATHS = NO;
				CLANG_ANALYZER_NONNULL = YES;
				CLANG_ANALYZER_NUMBER_OBJECT_CONVERSION = YES_AGGRESSIVE;
				CLANG_CXX_LANGUAGE_STANDARD = "gnu++14";
				CLANG_CXX_LIBRARY = "libc++";
				CLANG_ENABLE_MODULES = YES;
				CLANG_ENABLE_OBJC_ARC = YES;
				CLANG_ENABLE_OBJC_WEAK = YES;
				CLANG_WARN_BLOCK_CAPTURE_AUTORELEASING = YES;
				CLANG_WARN_BOOL_CONVERSION = YES;
				CLANG_WARN_COMMA = YES;
				CLANG_WARN_CONSTANT_CONVERSION = YES;
				CLANG_WARN_DEPRECATED_OBJC_IMPLEMENTATIONS = YES;
				CLANG_WARN_DIRECT_OBJC_ISA_USAGE = YES_ERROR;
				CLANG_WARN_DOCUMENTATION_COMMENTS = YES;
				CLANG_WARN_EMPTY_BODY = YES;
				CLANG_WARN_ENUM_CONVERSION = YES;
				CLANG_WARN_INFINITE_RECURSION = YES;
				CLANG_WARN_INT_CONVERSION = YES;
				CLANG_WARN_NON_LITERAL_NULL_CONVERSION = YES;
				CLANG_WARN_OBJC_IMPLICIT_RETAIN_SELF = YES;
				CLANG_WARN_OBJC_LITERAL_CONVERSION = YES;
				CLANG_WARN_OBJC_ROOT_CLASS = YES_ERROR;
				CLANG_WARN_RANGE_LOOP_ANALYSIS = YES;
				CLANG_WARN_STRICT_PROTOTYPES = YES;
				CLANG_WARN_SUSPICIOUS_MOVE = YES;
				CLANG_WARN_UNGUARDED_AVAILABILITY = YES_AGGRESSIVE;
				CLANG_WARN_UNREACHABLE_CODE = YES;
				CLANG_WARN__DUPLICATE_METHOD_MATCH = YES;
				COPY_PHASE_STRIP = NO;
				DEBUG_INFORMATION_FORMAT = dwarf;
				ENABLE_STRICT_OBJC_MSGSEND = YES;
				ENABLE_TESTABILITY = YES;
				GCC_C_LANGUAGE_STANDARD = gnu11;
				GCC_DYNAMIC_NO_PIC = NO;
				GCC_NO_COMMON_BLOCKS = YES;
				GCC_OPTIMIZATION_LEVEL = 0;
				GCC_PREPROCESSOR_DEFINITIONS = (
					"DEBUG=1",
					"$(inherited)",
				);
				GCC_WARN_64_TO_32_BIT_CONVERSION = YES;
				GCC_WARN_ABOUT_RETURN_TYPE = YES_ERROR;
				GCC_WARN_UNDECLARED_SELECTOR = YES;
				GCC_WARN_UNINITIALIZED_AUTOS = YES_AGGRESSIVE;
				GCC_WARN_UNUSED_FUNCTION = YES;
				GCC_WARN_UNUSED_VARIABLE = YES;
				IPHONEOS_DEPLOYMENT_TARGET = 13.1;
				MTL_ENABLE_DEBUG_INFO = INCLUDE_SOURCE;
				MTL_FAST_MATH = YES;
				ONLY_ACTIVE_ARCH = YES;
				SDKROOT = iphoneos;
				SWIFT_ACTIVE_COMPILATION_CONDITIONS = DEBUG;
				SWIFT_OPTIMIZATION_LEVEL = "-Onone";
			};
			name = Debug;
		};
		02BD889D23C92E5500A2CF6F /* Release */ = {
			isa = XCBuildConfiguration;
			buildSettings = {
				ALWAYS_SEARCH_USER_PATHS = NO;
				CLANG_ANALYZER_NONNULL = YES;
				CLANG_ANALYZER_NUMBER_OBJECT_CONVERSION = YES_AGGRESSIVE;
				CLANG_CXX_LANGUAGE_STANDARD = "gnu++14";
				CLANG_CXX_LIBRARY = "libc++";
				CLANG_ENABLE_MODULES = YES;
				CLANG_ENABLE_OBJC_ARC = YES;
				CLANG_ENABLE_OBJC_WEAK = YES;
				CLANG_WARN_BLOCK_CAPTURE_AUTORELEASING = YES;
				CLANG_WARN_BOOL_CONVERSION = YES;
				CLANG_WARN_COMMA = YES;
				CLANG_WARN_CONSTANT_CONVERSION = YES;
				CLANG_WARN_DEPRECATED_OBJC_IMPLEMENTATIONS = YES;
				CLANG_WARN_DIRECT_OBJC_ISA_USAGE = YES_ERROR;
				CLANG_WARN_DOCUMENTATION_COMMENTS = YES;
				CLANG_WARN_EMPTY_BODY = YES;
				CLANG_WARN_ENUM_CONVERSION = YES;
				CLANG_WARN_INFINITE_RECURSION = YES;
				CLANG_WARN_INT_CONVERSION = YES;
				CLANG_WARN_NON_LITERAL_NULL_CONVERSION = YES;
				CLANG_WARN_OBJC_IMPLICIT_RETAIN_SELF = YES;
				CLANG_WARN_OBJC_LITERAL_CONVERSION = YES;
				CLANG_WARN_OBJC_ROOT_CLASS = YES_ERROR;
				CLANG_WARN_RANGE_LOOP_ANALYSIS = YES;
				CLANG_WARN_STRICT_PROTOTYPES = YES;
				CLANG_WARN_SUSPICIOUS_MOVE = YES;
				CLANG_WARN_UNGUARDED_AVAILABILITY = YES_AGGRESSIVE;
				CLANG_WARN_UNREACHABLE_CODE = YES;
				CLANG_WARN__DUPLICATE_METHOD_MATCH = YES;
				COPY_PHASE_STRIP = NO;
				DEBUG_INFORMATION_FORMAT = "dwarf-with-dsym";
				ENABLE_NS_ASSERTIONS = NO;
				ENABLE_STRICT_OBJC_MSGSEND = YES;
				GCC_C_LANGUAGE_STANDARD = gnu11;
				GCC_NO_COMMON_BLOCKS = YES;
				GCC_WARN_64_TO_32_BIT_CONVERSION = YES;
				GCC_WARN_ABOUT_RETURN_TYPE = YES_ERROR;
				GCC_WARN_UNDECLARED_SELECTOR = YES;
				GCC_WARN_UNINITIALIZED_AUTOS = YES_AGGRESSIVE;
				GCC_WARN_UNUSED_FUNCTION = YES;
				GCC_WARN_UNUSED_VARIABLE = YES;
				IPHONEOS_DEPLOYMENT_TARGET = 13.1;
				MTL_ENABLE_DEBUG_INFO = NO;
				MTL_FAST_MATH = YES;
				SDKROOT = iphoneos;
				SWIFT_COMPILATION_MODE = wholemodule;
				SWIFT_OPTIMIZATION_LEVEL = "-O";
				VALIDATE_PRODUCT = YES;
			};
			name = Release;
		};
		02BD889F23C92E5500A2CF6F /* Debug */ = {
			isa = XCBuildConfiguration;
			buildSettings = {
				ASSETCATALOG_COMPILER_APPICON_NAME = AppIcon;
				CODE_SIGN_STYLE = Automatic;
				DEVELOPMENT_TEAM = 664QW65CGU;
				INFOPLIST_FILE = GitHubApplication/Info.plist;
				LD_RUNPATH_SEARCH_PATHS = (
					"$(inherited)",
					"@executable_path/Frameworks",
				);
				PRODUCT_BUNDLE_IDENTIFIER = demoproject.GitHubApplication;
				PRODUCT_NAME = "$(TARGET_NAME)";
				SWIFT_VERSION = 5.0;
				TARGETED_DEVICE_FAMILY = "1,2";
			};
			name = Debug;
		};
		02BD88A023C92E5500A2CF6F /* Release */ = {
			isa = XCBuildConfiguration;
			buildSettings = {
				ASSETCATALOG_COMPILER_APPICON_NAME = AppIcon;
				CODE_SIGN_STYLE = Automatic;
				DEVELOPMENT_TEAM = 664QW65CGU;
				INFOPLIST_FILE = GitHubApplication/Info.plist;
				LD_RUNPATH_SEARCH_PATHS = (
					"$(inherited)",
					"@executable_path/Frameworks",
				);
				PRODUCT_BUNDLE_IDENTIFIER = demoproject.GitHubApplication;
				PRODUCT_NAME = "$(TARGET_NAME)";
				SWIFT_VERSION = 5.0;
				TARGETED_DEVICE_FAMILY = "1,2";
			};
			name = Release;
		};
		02BD88A223C92E5500A2CF6F /* Debug */ = {
			isa = XCBuildConfiguration;
			buildSettings = {
				ALWAYS_EMBED_SWIFT_STANDARD_LIBRARIES = YES;
				BUNDLE_LOADER = "$(TEST_HOST)";
				CODE_SIGN_STYLE = Automatic;
				DEVELOPMENT_TEAM = 664QW65CGU;
				INFOPLIST_FILE = GitHubApplicationTests/Info.plist;
				IPHONEOS_DEPLOYMENT_TARGET = 13.1;
				LD_RUNPATH_SEARCH_PATHS = (
					"$(inherited)",
					"@executable_path/Frameworks",
					"@loader_path/Frameworks",
				);
				PRODUCT_BUNDLE_IDENTIFIER = demoproject.GitHubApplicationTests;
				PRODUCT_NAME = "$(TARGET_NAME)";
				SWIFT_VERSION = 5.0;
				TARGETED_DEVICE_FAMILY = "1,2";
				TEST_HOST = "$(BUILT_PRODUCTS_DIR)/GitHubApplication.app/GitHubApplication";
			};
			name = Debug;
		};
		02BD88A323C92E5500A2CF6F /* Release */ = {
			isa = XCBuildConfiguration;
			buildSettings = {
				ALWAYS_EMBED_SWIFT_STANDARD_LIBRARIES = YES;
				BUNDLE_LOADER = "$(TEST_HOST)";
				CODE_SIGN_STYLE = Automatic;
				DEVELOPMENT_TEAM = 664QW65CGU;
				INFOPLIST_FILE = GitHubApplicationTests/Info.plist;
				IPHONEOS_DEPLOYMENT_TARGET = 13.1;
				LD_RUNPATH_SEARCH_PATHS = (
					"$(inherited)",
					"@executable_path/Frameworks",
					"@loader_path/Frameworks",
				);
				PRODUCT_BUNDLE_IDENTIFIER = demoproject.GitHubApplicationTests;
				PRODUCT_NAME = "$(TARGET_NAME)";
				SWIFT_VERSION = 5.0;
				TARGETED_DEVICE_FAMILY = "1,2";
				TEST_HOST = "$(BUILT_PRODUCTS_DIR)/GitHubApplication.app/GitHubApplication";
			};
			name = Release;
		};
		02BD88A523C92E5500A2CF6F /* Debug */ = {
			isa = XCBuildConfiguration;
			buildSettings = {
				ALWAYS_EMBED_SWIFT_STANDARD_LIBRARIES = YES;
				CODE_SIGN_STYLE = Automatic;
				DEVELOPMENT_TEAM = 664QW65CGU;
				INFOPLIST_FILE = GitHubApplicationUITests/Info.plist;
				LD_RUNPATH_SEARCH_PATHS = (
					"$(inherited)",
					"@executable_path/Frameworks",
					"@loader_path/Frameworks",
				);
				PRODUCT_BUNDLE_IDENTIFIER = demoproject.GitHubApplicationUITests;
				PRODUCT_NAME = "$(TARGET_NAME)";
				SWIFT_VERSION = 5.0;
				TARGETED_DEVICE_FAMILY = "1,2";
				TEST_TARGET_NAME = GitHubApplication;
			};
			name = Debug;
		};
		02BD88A623C92E5500A2CF6F /* Release */ = {
			isa = XCBuildConfiguration;
			buildSettings = {
				ALWAYS_EMBED_SWIFT_STANDARD_LIBRARIES = YES;
				CODE_SIGN_STYLE = Automatic;
				DEVELOPMENT_TEAM = 664QW65CGU;
				INFOPLIST_FILE = GitHubApplicationUITests/Info.plist;
				LD_RUNPATH_SEARCH_PATHS = (
					"$(inherited)",
					"@executable_path/Frameworks",
					"@loader_path/Frameworks",
				);
				PRODUCT_BUNDLE_IDENTIFIER = demoproject.GitHubApplicationUITests;
				PRODUCT_NAME = "$(TARGET_NAME)";
				SWIFT_VERSION = 5.0;
				TARGETED_DEVICE_FAMILY = "1,2";
				TEST_TARGET_NAME = GitHubApplication;
			};
			name = Release;
		};
/* End XCBuildConfiguration section */

/* Begin XCConfigurationList section */
		02BD886C23C92E5200A2CF6F /* Build configuration list for PBXProject "GitHubApplication" */ = {
			isa = XCConfigurationList;
			buildConfigurations = (
				02BD889C23C92E5500A2CF6F /* Debug */,
				02BD889D23C92E5500A2CF6F /* Release */,
			);
			defaultConfigurationIsVisible = 0;
			defaultConfigurationName = Release;
		};
		02BD889E23C92E5500A2CF6F /* Build configuration list for PBXNativeTarget "GitHubApplication" */ = {
			isa = XCConfigurationList;
			buildConfigurations = (
				02BD889F23C92E5500A2CF6F /* Debug */,
				02BD88A023C92E5500A2CF6F /* Release */,
			);
			defaultConfigurationIsVisible = 0;
			defaultConfigurationName = Release;
		};
		02BD88A123C92E5500A2CF6F /* Build configuration list for PBXNativeTarget "GitHubApplicationTests" */ = {
			isa = XCConfigurationList;
			buildConfigurations = (
				02BD88A223C92E5500A2CF6F /* Debug */,
				02BD88A323C92E5500A2CF6F /* Release */,
			);
			defaultConfigurationIsVisible = 0;
			defaultConfigurationName = Release;
		};
		02BD88A423C92E5500A2CF6F /* Build configuration list for PBXNativeTarget "GitHubApplicationUITests" */ = {
			isa = XCConfigurationList;
			buildConfigurations = (
				02BD88A523C92E5500A2CF6F /* Debug */,
				02BD88A623C92E5500A2CF6F /* Release */,
			);
			defaultConfigurationIsVisible = 0;
			defaultConfigurationName = Release;
		};
/* End XCConfigurationList section */

/* Begin XCVersionGroup section */
		02BD887D23C92E5200A2CF6F /* GitHubApplication.xcdatamodeld */ = {
			isa = XCVersionGroup;
			children = (
				02BD887E23C92E5200A2CF6F /* GitHubApplication.xcdatamodel */,
			);
			currentVersion = 02BD887E23C92E5200A2CF6F /* GitHubApplication.xcdatamodel */;
			path = GitHubApplication.xcdatamodeld;
			sourceTree = "<group>";
			versionGroupType = wrapper.xcdatamodel;
		};
/* End XCVersionGroup section */
	};
	rootObject = 02BD886923C92E5200A2CF6F /* Project object */;
}
